PODS:
  - Alamofire (3.3.1)
  - AlamofireObjectMapper (2.1.2):
    - Alamofire (~> 3.2)
    - ObjectMapper (~> 1.0)
  - Bond (4.3.1)
  - ObjectMapper (1.2.0)
  - OHHTTPStubs (5.0.0):
    - OHHTTPStubs/Default (= 5.0.0)
  - OHHTTPStubs/Core (5.0.0)
  - OHHTTPStubs/Default (5.0.0):
    - OHHTTPStubs/Core
    - OHHTTPStubs/JSON
    - OHHTTPStubs/NSURLSession
    - OHHTTPStubs/OHPathHelpers
  - OHHTTPStubs/JSON (5.0.0):
    - OHHTTPStubs/Core
  - OHHTTPStubs/NSURLSession (5.0.0):
    - OHHTTPStubs/Core
  - OHHTTPStubs/OHPathHelpers (5.0.0)
  - Realm (0.98.8):
    - Realm/Headers (= 0.98.8)
  - Realm/Headers (0.98.8)
  - RealmSwift (0.98.8):
    - Realm (= 0.98.8)

DEPENDENCIES:
  - Alamofire (~> 3.2)
  - AlamofireObjectMapper (~> 2.1)
  - Bond (~> 4.3)
  - ObjectMapper (~> 1.1)
  - OHHTTPStubs
  - RealmSwift (~> 0.98)

SPEC CHECKSUMS:
  Alamofire: 369bc67b6f5ac33ded3648d7bd21c5bfb91c2ecc
  AlamofireObjectMapper: 82391c31f23e37bdb2660da174bcf81b202da39d
  Bond: 55903fc67f09e8e49791a657163cabba1d6fb29d
  ObjectMapper: b1e9c7c8a9f6400b72690c80072c131504caa66f
  OHHTTPStubs: a5d2e9eea07869d42ec03338325f398bc520e159
  Realm: 0e293bb62999730599efc3048896bbd4f2e43bcd
  RealmSwift: 064262d38113f23ff3508fb20a0a922e696bec01

COCOAPODS: 0.39.0
